
Microsoft Visual Studio Solution File, Format Version 12.00
# Visual Studio Version 17
VisualStudioVersion = 17.9.34622.214
MinimumVisualStudioVersion = 10.0.40219.1
Project("{FAE04EC0-301F-11D3-BF4B-00C04F79EFBC}") = "ClassManagment", "ClassManagment.csproj", "{ADE61002-0A52-499D-A21B-D53779F22046}"
EndProject
Global
	GlobalSection(SolutionConfigurationPlatforms) = preSolution
		Debug|Any CPU = Debug|Any CPU
		Release|Any CPU = Release|Any CPU
	EndGlobalSection
	GlobalSection(ProjectConfigurationPlatforms) = postSolution
		{ADE61002-0A52-499D-A21B-D53779F22046}.Debug|Any CPU.ActiveCfg = Debug|Any CPU
		{ADE61002-0A52-499D-A21B-D53779F22046}.Debug|Any CPU.Build.0 = Debug|Any CPU
		{ADE61002-0A52-499D-A21B-D53779F22046}.Release|Any CPU.ActiveCfg = Release|Any CPU
		{ADE61002-0A52-499D-A21B-D53779F22046}.Release|Any CPU.Build.0 = Release|Any CPU
	EndGlobalSection
	GlobalSection(SolutionProperties) = preSolution
		HideSolutionNode = FALSE
	EndGlobalSection
	GlobalSection(ExtensibilityGlobals) = postSolution
		SolutionGuid = {3B784DBE-4717-4873-8E9B-3EF8BC1C8298}
	EndGlobalSection
EndGlobal
